
Microsoft Visual Studio Solution File, Format Version 12.00
# Visual Studio Version 16
VisualStudioVersion = 16.0.30330.147
MinimumVisualStudioVersion = 10.0.40219.1
Project("{8BC9CEB8-8B4A-11D0-8D11-00A0C91BC942}") = "Hw07", "Hw07\Hw07.vcxproj", "{EDE3D4C8-0B4C-441B-9625-EB16B78CEB86}"
EndProject
Global
	GlobalSection(SolutionConfigurationPlatforms) = preSolution
		Debug|x64 = Debug|x64
		Debug|x86 = Debug|x86
		Release|x64 = Release|x64
		Release|x86 = Release|x86
	EndGlobalSection
	GlobalSection(ProjectConfigurationPlatforms) = postSolution
		{EDE3D4C8-0B4C-441B-9625-EB16B78CEB86}.Debug|x64.ActiveCfg = Debug|x64
		{EDE3D4C8-0B4C-441B-9625-EB16B78CEB86}.Debug|x64.Build.0 = Debug|x64
		{EDE3D4C8-0B4C-441B-9625-EB16B78CEB86}.Debug|x86.ActiveCfg = Debug|Win32
		{EDE3D4C8-0B4C-441B-9625-EB16B78CEB86}.Debug|x86.Build.0 = Debug|Win32
		{EDE3D4C8-0B4C-441B-9625-EB16B78CEB86}.Release|x64.ActiveCfg = Release|x64
		{EDE3D4C8-0B4C-441B-9625-EB16B78CEB86}.Release|x64.Build.0 = Release|x64
		{EDE3D4C8-0B4C-441B-9625-EB16B78CEB86}.Release|x86.ActiveCfg = Release|Win32
		{EDE3D4C8-0B4C-441B-9625-EB16B78CEB86}.Release|x86.Build.0 = Release|Win32
	EndGlobalSection
	GlobalSection(SolutionProperties) = preSolution
		HideSolutionNode = FALSE
	EndGlobalSection
	GlobalSection(ExtensibilityGlobals) = postSolution
		SolutionGuid = {3FB743E9-D8CD-440A-93EF-505FF44AC9A6}
	EndGlobalSection
EndGlobal
